# This file is automatically @generated by Poetry 1.7.0 and should not be changed by hand.

[[package]]
name = "print-color"
version = "0.4.6"
description = "A simple package to print in color to the terminal"
optional = false
python-versions = ">=3.7,<4.0"
files = [
    {file = "print_color-0.4.6-py3-none-any.whl", hash = "sha256:494bd1cdb84daf481f0e63bd22b3c32f7d52827d8f5d9138a96bb01ca8ba9299"},
    {file = "print_color-0.4.6.tar.gz", hash = "sha256:d3aafc1666c8d31a85fffa6ee8e4f269f5d5e338d685b4e6179915c71867c585"},
]

[metadata]
lock-version = "2.0"
python-versions = "^3.11"
content-hash = "3523e01173c18bb28d00510a4d0862bd19e7736a9d27f7ec7b1f772297fa1792"
